
Microsoft Visual Studio Solution File, Format Version 12.00
# Visual Studio Version 17
VisualStudioVersion = 17.9.34902.65
MinimumVisualStudioVersion = 10.0.40219.1
Project("{888888A0-9F3D-457C-B088-3A5042F75D52}") = "LysspieAPI", "LysspieAPI\LysspieAPI.pyproj", "{060996C8-79A1-4D94-B218-E5E5CDF7C7D1}"
EndProject
Global
	GlobalSection(SolutionConfigurationPlatforms) = preSolution
		Debug|Any CPU = Debug|Any CPU
		Release|Any CPU = Release|Any CPU
	EndGlobalSection
	GlobalSection(ProjectConfigurationPlatforms) = postSolution
		{060996C8-79A1-4D94-B218-E5E5CDF7C7D1}.Debug|Any CPU.ActiveCfg = Debug|Any CPU
		{060996C8-79A1-4D94-B218-E5E5CDF7C7D1}.Release|Any CPU.ActiveCfg = Release|Any CPU
	EndGlobalSection
	GlobalSection(SolutionProperties) = preSolution
		HideSolutionNode = FALSE
	EndGlobalSection
	GlobalSection(ExtensibilityGlobals) = postSolution
		SolutionGuid = {5D158194-EBD0-4BAA-A7BC-DBE9B137CDAD}
	EndGlobalSection
EndGlobal
